// !$*UTF8*$!
{
	archiveVersion = 1;
	classes = {
	};
	objectVersion = 46;
	objects = {

/* Begin PBXBuildFile section */
		03079B271D1CEB6E005C6BEB /* AppDelegate.swift in Sources */ = {isa = PBXBuildFile; fileRef = 03079B261D1CEB6E005C6BEB /* AppDelegate.swift */; };
		03079B291D1CEB6E005C6BEB /* ViewController.swift in Sources */ = {isa = PBXBuildFile; fileRef = 03079B281D1CEB6E005C6BEB /* ViewController.swift */; };
		03079B2C1D1CEB6E005C6BEB /* Main.storyboard in Resources */ = {isa = PBXBuildFile; fileRef = 03079B2A1D1CEB6E005C6BEB /* Main.storyboard */; };
		03079B2E1D1CEB6E005C6BEB /* Assets.xcassets in Resources */ = {isa = PBXBuildFile; fileRef = 03079B2D1D1CEB6E005C6BEB /* Assets.xcassets */; };
		03079B311D1CEB6E005C6BEB /* LaunchScreen.storyboard in Resources */ = {isa = PBXBuildFile; fileRef = 03079B2F1D1CEB6E005C6BEB /* LaunchScreen.storyboard */; };
/* End PBXBuildFile section */

/* Begin PBXFileReference section */
		03079B231D1CEB6E005C6BEB /* WebTest.app */ = {isa = PBXFileReference; explicitFileType = wrapper.application; includeInIndex = 0; path = WebTest.app; sourceTree = BUILT_PRODUCTS_DIR; };
		03079B261D1CEB6E005C6BEB /* AppDelegate.swift */ = {isa = PBXFileReference; lastKnownFileType = sourcecode.swift; path = AppDelegate.swift; sourceTree = "<group>"; };
		03079B281D1CEB6E005C6BEB /* ViewController.swift */ = {isa = PBXFileReference; lastKnownFileType = sourcecode.swift; path = ViewController.swift; sourceTree = "<group>"; };
		03079B2B1D1CEB6E005C6BEB /* Base */ = {isa = PBXFileReference; lastKnownFileType = file.storyboard; name = Base; path = Base.lproj/Main.storyboard; sourceTree = "<group>"; };
		03079B2D1D1CEB6E005C6BEB /* Assets.xcassets */ = {isa = PBXFileReference; lastKnownFileType = folder.assetcatalog; path = Assets.xcassets; sourceTree = "<group>"; };
		03079B301D1CEB6E005C6BEB /* Base */ = {isa = PBXFileReference; lastKnownFileType = file.storyboard; name = Base; path = Base.lproj/LaunchScreen.storyboard; sourceTree = "<group>"; };
		03079B321D1CEB6E005C6BEB /* Info.plist */ = {isa = PBXFileReference; lastKnownFileType = text.plist.xml; path = Info.plist; sourceTree = "<group>"; };
/* End PBXFileReference section */

/* Begin PBXFrameworksBuildPhase section */
		03079B201D1CEB6E005C6BEB /* Frameworks */ = {
			isa = PBXFrameworksBuildPhase;
			buildActionMask = 2147483647;
			files = (
			);
			runOnlyForDeploymentPostprocessing = 0;
		};
/* End PBXFrameworksBuildPhase section */

/* Begin PBXGroup section */
		03079B1A1D1CEB6D005C6BEB = {
			isa = PBXGroup;
			children = (
				03079B251D1CEB6E005C6BEB /* WebTest */,
				03079B241D1CEB6E005C6BEB /* Products */,
			);
			sourceTree = "<group>";
		};
		03079B241D1CEB6E005C6BEB /* Products */ = {
			isa = PBXGroup;
			children = (
				03079B231D1CEB6E005C6BEB /* WebTest.app */,
			);
			name = Products;
			sourceTree = "<group>";
		};
		03079B251D1CEB6E005C6BEB /* WebTest */ = {
			isa = PBXGroup;
			children = (
				03079B261D1CEB6E005C6BEB /* AppDelegate.swift */,
				03079B281D1CEB6E005C6BEB /* ViewController.swift */,
				03079B2A1D1CEB6E005C6BEB /* Main.storyboard */,
				03079B2D1D1CEB6E005C6BEB /* Assets.xcassets */,
				03079B2F1D1CEB6E005C6BEB /* LaunchScreen.storyboard */,
				03079B321D1CEB6E005C6BEB /* Info.plist */,
			);
			path = WebTest;
			sourceTree = "<group>";
		};
/* End PBXGroup section */

/* Begin PBXNativeTarget section */
		03079B221D1CEB6E005C6BEB /* WebTest */ = {
			isa = PBXNativeTarget;
			buildConfigurationList = 03079B351D1CEB6E005C6BEB /* Build configuration list for PBXNativeTarget "WebTest" */;
			buildPhases = (
				03079B1F1D1CEB6E005C6BEB /* Sources */,
				03079B201D1CEB6E005C6BEB /* Frameworks */,
				03079B211D1CEB6E005C6BEB /* Resources */,
			);
			buildRules = (
			);
			dependencies = (
			);
			name = WebTest;
			productName = WebTest;
			productReference = 03079B231D1CEB6E005C6BEB /* WebTest.app */;
			productType = "com.apple.product-type.application";
		};
/* End PBXNativeTarget section */

/* Begin PBXProject section */
		03079B1B1D1CEB6E005C6BEB /* Project object */ = {
			isa = PBXProject;
			attributes = {
				LastSwiftUpdateCheck = 0730;
				LastUpgradeCheck = 0730;
				ORGANIZATIONNAME = "蔡舜珵";
				TargetAttributes = {
					03079B221D1CEB6E005C6BEB = {
						CreatedOnToolsVersion = 7.3.1;
					};
				};
			};
			buildConfigurationList = 03079B1E1D1CEB6E005C6BEB /* Build configuration list for PBXProject "WebTest" */;
			compatibilityVersion = "Xcode 3.2";
			developmentRegion = English;
			hasScannedForEncodings = 0;
			knownRegions = (
				en,
				Base,
			);
			mainGroup = 03079B1A1D1CEB6D005C6BEB;
			productRefGroup = 03079B241D1CEB6E005C6BEB /* Products */;
			projectDirPath = "";
			projectRoot = "";
			targets = (
				03079B221D1CEB6E005C6BEB /* WebTest */,
			);
		};
/* End PBXProject section */

/* Begin PBXResourcesBuildPhase section */
		03079B211D1CEB6E005C6BEB /* Resources */ = {
			isa = PBXResourcesBuildPhase;
			buildActionMask = 2147483647;
			files = (
				03079B311D1CEB6E005C6BEB /* LaunchScreen.storyboard in Resources */,
				03079B2E1D1CEB6E005C6BEB /* Assets.xcassets in Resources */,
				03079B2C1D1CEB6E005C6BEB /* Main.storyboard in Resources */,
			);
			runOnlyForDeploymentPostprocessing = 0;
		};
/* End PBXResourcesBuildPhase section */

/* Begin PBXSourcesBuildPhase section */
		03079B1F1D1CEB6E005C6BEB /* Sources */ = {
			isa = PBXSourcesBuildPhase;
			buildActionMask = 2147483647;
			files = (
				03079B291D1CEB6E005C6BEB /* ViewController.swift in Sources */,
				03079B271D1CEB6E005C6BEB /* AppDelegate.swift in Sources */,
			);
			runOnlyForDeploymentPostprocessing = 0;
		};
/* End PBXSourcesBuildPhase section */

/* Begin PBXVariantGroup section */
		03079B2A1D1CEB6E005C6BEB /* Main.storyboard */ = {
			isa = PBXVariantGroup;
			children = (
				03079B2B1D1CEB6E005C6BEB /* Base */,
			);
			name = Main.storyboard;
			sourceTree = "<group>";
		};
		03079B2F1D1CEB6E005C6BEB /* LaunchScreen.storyboard */ = {
			isa = PBXVariantGroup;
			children = (
				03079B301D1CEB6E005C6BEB /* Base */,
			);
			name = LaunchScreen.storyboard;
			sourceTree = "<group>";
		};
/* End PBXVariantGroup section */

/* Begin XCBuildConfiguration section */
		03079B331D1CEB6E005C6BEB /* Debug */ = {
			isa = XCBuildConfiguration;
			buildSettings = {
				ALWAYS_SEARCH_USER_PATHS = NO;
				CLANG_ANALYZER_NONNULL = YES;
				CLANG_CXX_LANGUAGE_STANDARD = "gnu++0x";
				CLANG_CXX_LIBRARY = "libc++";
				CLANG_ENABLE_MODULES = YES;
				CLANG_ENABLE_OBJC_ARC = YES;
				CLANG_WARN_BOOL_CONVERSION = YES;
				CLANG_WARN_CONSTANT_CONVERSION = YES;
				CLANG_WARN_DIRECT_OBJC_ISA_USAGE = YES_ERROR;
				CLANG_WARN_EMPTY_BODY = YES;
				CLANG_WARN_ENUM_CONVERSION = YES;
				CLANG_WARN_INT_CONVERSION = YES;
				CLANG_WARN_OBJC_ROOT_CLASS = YES_ERROR;
				CLANG_WARN_UNREACHABLE_CODE = YES;
				CLANG_WARN__DUPLICATE_METHOD_MATCH = YES;
				"CODE_SIGN_IDENTITY[sdk=iphoneos*]" = "iPhone Developer";
				COPY_PHASE_STRIP = NO;
				DEBUG_INFORMATION_FORMAT = dwarf;
				ENABLE_STRICT_OBJC_MSGSEND = YES;
				ENABLE_TESTABILITY = YES;
				GCC_C_LANGUAGE_STANDARD = gnu99;
				GCC_DYNAMIC_NO_PIC = NO;
				GCC_NO_COMMON_BLOCKS = YES;
				GCC_OPTIMIZATION_LEVEL = 0;
				GCC_PREPROCESSOR_DEFINITIONS = (
					"DEBUG=1",
					"$(inherited)",
				);
				GCC_WARN_64_TO_32_BIT_CONVERSION = YES;
				GCC_WARN_ABOUT_RETURN_TYPE = YES_ERROR;
				GCC_WARN_UNDECLARED_SELECTOR = YES;
				GCC_WARN_UNINITIALIZED_AUTOS = YES_AGGRESSIVE;
				GCC_WARN_UNUSED_FUNCTION = YES;
				GCC_WARN_UNUSED_VARIABLE = YES;
				IPHONEOS_DEPLOYMENT_TARGET = 9.3;
				MTL_ENABLE_DEBUG_INFO = YES;
				ONLY_ACTIVE_ARCH = YES;
				SDKROOT = iphoneos;
				SWIFT_OPTIMIZATION_LEVEL = "-Onone";
				TARGETED_DEVICE_FAMILY = "1,2";
			};
			name = Debug;
		};
		03079B341D1CEB6E005C6BEB /* Release */ = {
			isa = XCBuildConfiguration;
			buildSettings = {
				ALWAYS_SEARCH_USER_PATHS = NO;
				CLANG_ANALYZER_NONNULL = YES;
				CLANG_CXX_LANGUAGE_STANDARD = "gnu++0x";
				CLANG_CXX_LIBRARY = "libc++";
				CLANG_ENABLE_MODULES = YES;
				CLANG_ENABLE_OBJC_ARC = YES;
				CLANG_WARN_BOOL_CONVERSION = YES;
				CLANG_WARN_CONSTANT_CONVERSION = YES;
				CLANG_WARN_DIRECT_OBJC_ISA_USAGE = YES_ERROR;
				CLANG_WARN_EMPTY_BODY = YES;
				CLANG_WARN_ENUM_CONVERSION = YES;
				CLANG_WARN_INT_CONVERSION = YES;
				CLANG_WARN_OBJC_ROOT_CLASS = YES_ERROR;
				CLANG_WARN_UNREACHABLE_CODE = YES;
				CLANG_WARN__DUPLICATE_METHOD_MATCH = YES;
				"CODE_SIGN_IDENTITY[sdk=iphoneos*]" = "iPhone Developer";
				COPY_PHASE_STRIP = NO;
				DEBUG_INFORMATION_FORMAT = "dwarf-with-dsym";
				ENABLE_NS_ASSERTIONS = NO;
				ENABLE_STRICT_OBJC_MSGSEND = YES;
				GCC_C_LANGUAGE_STANDARD = gnu99;
				GCC_NO_COMMON_BLOCKS = YES;
				GCC_WARN_64_TO_32_BIT_CONVERSION = YES;
				GCC_WARN_ABOUT_RETURN_TYPE = YES_ERROR;
				GCC_WARN_UNDECLARED_SELECTOR = YES;
				GCC_WARN_UNINITIALIZED_AUTOS = YES_AGGRESSIVE;
				GCC_WARN_UNUSED_FUNCTION = YES;
				GCC_WARN_UNUSED_VARIABLE = YES;
				IPHONEOS_DEPLOYMENT_TARGET = 9.3;
				MTL_ENABLE_DEBUG_INFO = NO;
				SDKROOT = iphoneos;
				TARGETED_DEVICE_FAMILY = "1,2";
				VALIDATE_PRODUCT = YES;
			};
			name = Release;
		};
		03079B361D1CEB6E005C6BEB /* Debug */ = {
			isa = XCBuildConfiguration;
			buildSettings = {
				ASSETCATALOG_COMPILER_APPICON_NAME = AppIcon;
				INFOPLIST_FILE = WebTest/Info.plist;
				LD_RUNPATH_SEARCH_PATHS = "$(inherited) @executable_path/Frameworks";
				PRODUCT_BUNDLE_IDENTIFIER = edu.self.WebTest;
				PRODUCT_NAME = "$(TARGET_NAME)";
			};
			name = Debug;
		};
		03079B371D1CEB6E005C6BEB /* Release */ = {
			isa = XCBuildConfiguration;
			buildSettings = {
				ASSETCATALOG_COMPILER_APPICON_NAME = AppIcon;
				INFOPLIST_FILE = WebTest/Info.plist;
				LD_RUNPATH_SEARCH_PATHS = "$(inherited) @executable_path/Frameworks";
				PRODUCT_BUNDLE_IDENTIFIER = edu.self.WebTest;
				PRODUCT_NAME = "$(TARGET_NAME)";
			};
			name = Release;
		};
/* End XCBuildConfiguration section */

/* Begin XCConfigurationList section */
		03079B1E1D1CEB6E005C6BEB /* Build configuration list for PBXProject "WebTest" */ = {
			isa = XCConfigurationList;
			buildConfigurations = (
				03079B331D1CEB6E005C6BEB /* Debug */,
				03079B341D1CEB6E005C6BEB /* Release */,
			);
			defaultConfigurationIsVisible = 0;
			defaultConfigurationName = Release;
		};
		03079B351D1CEB6E005C6BEB /* Build configuration list for PBXNativeTarget "WebTest" */ = {
			isa = XCConfigurationList;
			buildConfigurations = (
				03079B361D1CEB6E005C6BEB /* Debug */,
				03079B371D1CEB6E005C6BEB /* Release */,
			);
			defaultConfigurationIsVisible = 0;
		};
/* End XCConfigurationList section */
	};
	rootObject = 03079B1B1D1CEB6E005C6BEB /* Project object */;
}
